name: "Update flake.lock"
on:
  workflow_dispatch:
  schedule:
    - cron: '21 17 * * 2' # 05:21 PM, Tuesday

jobs:
  lockfile:
    runs-on: ubuntu-latest
    permissions:
      contents: write
      pull-requests: write
    name: "Update flake.lock"
    steps:
      - name: Checkout repository
        uses: actions/checkout@v4
      - name: Install Nix
        uses: DeterminateSystems/nix-installer-action@main
      - name: Update flake.lock
        uses: DeterminateSystems/update-flake-lock@v21
        with:
          pr-assignees: 9glenda
          pr-reviewers: 9glenda
          pr-title: "Automated: Update flake.lock"
          pr-labels: |
            dependencies
            automated
            "nix › flake.lock"
